
Microsoft Visual Studio Solution File, Format Version 12.00
# Visual Studio 15
VisualStudioVersion = 15.0.28010.2048
MinimumVisualStudioVersion = 10.0.40219.1
Project("{FAE04EC0-301F-11D3-BF4B-00C04F79EFBC}") = "ParseXML", "ParseXML\ParseXML.csproj", "{CA57D289-BDD2-46E0-BE82-8DEB8BF55D86}"
EndProject
Global
	GlobalSection(SolutionConfigurationPlatforms) = preSolution
		Debug|Any CPU = Debug|Any CPU
		Release|Any CPU = Release|Any CPU
	EndGlobalSection
	GlobalSection(ProjectConfigurationPlatforms) = postSolution
		{CA57D289-BDD2-46E0-BE82-8DEB8BF55D86}.Debug|Any CPU.ActiveCfg = Debug|Any CPU
		{CA57D289-BDD2-46E0-BE82-8DEB8BF55D86}.Debug|Any CPU.Build.0 = Debug|Any CPU
		{CA57D289-BDD2-46E0-BE82-8DEB8BF55D86}.Release|Any CPU.ActiveCfg = Release|Any CPU
		{CA57D289-BDD2-46E0-BE82-8DEB8BF55D86}.Release|Any CPU.Build.0 = Release|Any CPU
	EndGlobalSection
	GlobalSection(SolutionProperties) = preSolution
		HideSolutionNode = FALSE
	EndGlobalSection
	GlobalSection(ExtensibilityGlobals) = postSolution
		SolutionGuid = {84F793A8-C985-4996-AE74-D00026BF913F}
	EndGlobalSection
EndGlobal
